
Microsoft Visual Studio Solution File, Format Version 12.00
# Visual Studio 15
VisualStudioVersion = 15.0.28010.2046
MinimumVisualStudioVersion = 10.0.40219.1
Project("{FAE04EC0-301F-11D3-BF4B-00C04F79EFBC}") = "LabTestPortal", "LabTestPortal\LabTestPortal.csproj", "{8CE1CD6E-8AE8-4F2B-B70A-802A200507B4}"
EndProject
Global
	GlobalSection(SolutionConfigurationPlatforms) = preSolution
		Debug|Any CPU = Debug|Any CPU
		Release|Any CPU = Release|Any CPU
	EndGlobalSection
	GlobalSection(ProjectConfigurationPlatforms) = postSolution
		{8CE1CD6E-8AE8-4F2B-B70A-802A200507B4}.Debug|Any CPU.ActiveCfg = Debug|Any CPU
		{8CE1CD6E-8AE8-4F2B-B70A-802A200507B4}.Debug|Any CPU.Build.0 = Debug|Any CPU
		{8CE1CD6E-8AE8-4F2B-B70A-802A200507B4}.Release|Any CPU.ActiveCfg = Release|Any CPU
		{8CE1CD6E-8AE8-4F2B-B70A-802A200507B4}.Release|Any CPU.Build.0 = Release|Any CPU
	EndGlobalSection
	GlobalSection(SolutionProperties) = preSolution
		HideSolutionNode = FALSE
	EndGlobalSection
	GlobalSection(ExtensibilityGlobals) = postSolution
		SolutionGuid = {91B65F94-472B-4254-B621-9065F89FDBA7}
	EndGlobalSection
EndGlobal
